
Microsoft Visual Studio Solution File, Format Version 12.00
# Visual Studio Version 17
VisualStudioVersion = 17.4.33213.308
MinimumVisualStudioVersion = 10.0.40219.1
Project("{FAE04EC0-301F-11D3-BF4B-00C04F79EFBC}") = "Kill Team 2 Card Generator", "Kill Team 2 Card Generator\Kill Team 2 Card Generator.csproj", "{558B76E2-3AB2-44F3-B141-ACD3E9FCB329}"
EndProject
Global
	GlobalSection(SolutionConfigurationPlatforms) = preSolution
		Debug|Any CPU = Debug|Any CPU
		Release|Any CPU = Release|Any CPU
	EndGlobalSection
	GlobalSection(ProjectConfigurationPlatforms) = postSolution
		{558B76E2-3AB2-44F3-B141-ACD3E9FCB329}.Debug|Any CPU.ActiveCfg = Debug|Any CPU
		{558B76E2-3AB2-44F3-B141-ACD3E9FCB329}.Debug|Any CPU.Build.0 = Debug|Any CPU
		{558B76E2-3AB2-44F3-B141-ACD3E9FCB329}.Release|Any CPU.ActiveCfg = Release|Any CPU
		{558B76E2-3AB2-44F3-B141-ACD3E9FCB329}.Release|Any CPU.Build.0 = Release|Any CPU
	EndGlobalSection
	GlobalSection(SolutionProperties) = preSolution
		HideSolutionNode = FALSE
	EndGlobalSection
	GlobalSection(ExtensibilityGlobals) = postSolution
		SolutionGuid = {5382A9BF-6F28-4A8C-A117-FF6C24CB0F3D}
	EndGlobalSection
EndGlobal
